
Microsoft Visual Studio Solution File, Format Version 12.00
# Visual Studio 2013
VisualStudioVersion = 12.0.40629.0
MinimumVisualStudioVersion = 10.0.40219.1
Project("{8BC9CEB8-8B4A-11D0-8D11-00A0C91BC942}") = "WfpTool", "WfpTool\WfpTool.vcxproj", "{58C0D840-729E-47D1-BE29-4B4EA872BDDA}"
EndProject
Project("{8BC9CEB8-8B4A-11D0-8D11-00A0C91BC942}") = "WfpTool.Api", "WfpTool.Api\WfpTool.Api.vcxproj", "{84CD9D4F-E9D4-4810-AEE4-F8A5370BED1D}"
EndProject
Project("{FAE04EC0-301F-11D3-BF4B-00C04F79EFBC}") = "WfpTool.Api.Integrate", "WfpTool.Api.Integrate\WfpTool.Api.Integrate.csproj", "{FFB20DD6-8AF0-4B65-9069-13384C877FD4}"
EndProject
Project("{8BC9CEB8-8B4A-11D0-8D11-00A0C91BC942}") = "WfpTool.Tests", "WfpTool.Tests\WfpTool.Tests.vcxproj", "{957BD470-A22F-4D81-81F3-D786CFDC7582}"
EndProject
Global
	GlobalSection(SolutionConfigurationPlatforms) = preSolution
		Debug|Any CPU = Debug|Any CPU
		Debug|x64 = Debug|x64
		Debug|x86 = Debug|x86
		Release|Any CPU = Release|Any CPU
		Release|x64 = Release|x64
		Release|x86 = Release|x86
	EndGlobalSection
	GlobalSection(ProjectConfigurationPlatforms) = postSolution
		{58C0D840-729E-47D1-BE29-4B4EA872BDDA}.Debug|Any CPU.ActiveCfg = Debug|Win32
		{58C0D840-729E-47D1-BE29-4B4EA872BDDA}.Debug|x64.ActiveCfg = Debug|x64
		{58C0D840-729E-47D1-BE29-4B4EA872BDDA}.Debug|x64.Build.0 = Debug|x64
		{58C0D840-729E-47D1-BE29-4B4EA872BDDA}.Debug|x86.ActiveCfg = Debug|Win32
		{58C0D840-729E-47D1-BE29-4B4EA872BDDA}.Debug|x86.Build.0 = Debug|Win32
		{58C0D840-729E-47D1-BE29-4B4EA872BDDA}.Debug|x86.Deploy.0 = Debug|Win32
		{58C0D840-729E-47D1-BE29-4B4EA872BDDA}.Release|Any CPU.ActiveCfg = Release|Win32
		{58C0D840-729E-47D1-BE29-4B4EA872BDDA}.Release|x64.ActiveCfg = Release|x64
		{58C0D840-729E-47D1-BE29-4B4EA872BDDA}.Release|x64.Build.0 = Release|x64
		{58C0D840-729E-47D1-BE29-4B4EA872BDDA}.Release|x86.ActiveCfg = Release|Win32
		{58C0D840-729E-47D1-BE29-4B4EA872BDDA}.Release|x86.Build.0 = Release|Win32
		{84CD9D4F-E9D4-4810-AEE4-F8A5370BED1D}.Debug|Any CPU.ActiveCfg = Debug|Win32
		{84CD9D4F-E9D4-4810-AEE4-F8A5370BED1D}.Debug|x64.ActiveCfg = Debug|x64
		{84CD9D4F-E9D4-4810-AEE4-F8A5370BED1D}.Debug|x64.Build.0 = Debug|x64
		{84CD9D4F-E9D4-4810-AEE4-F8A5370BED1D}.Debug|x86.ActiveCfg = Debug|Win32
		{84CD9D4F-E9D4-4810-AEE4-F8A5370BED1D}.Debug|x86.Build.0 = Debug|Win32
		{84CD9D4F-E9D4-4810-AEE4-F8A5370BED1D}.Release|Any CPU.ActiveCfg = Release|Win32
		{84CD9D4F-E9D4-4810-AEE4-F8A5370BED1D}.Release|x64.ActiveCfg = Release|x64
		{84CD9D4F-E9D4-4810-AEE4-F8A5370BED1D}.Release|x64.Build.0 = Release|x64
		{84CD9D4F-E9D4-4810-AEE4-F8A5370BED1D}.Release|x86.ActiveCfg = Release|Win32
		{84CD9D4F-E9D4-4810-AEE4-F8A5370BED1D}.Release|x86.Build.0 = Release|Win32
		{FFB20DD6-8AF0-4B65-9069-13384C877FD4}.Debug|Any CPU.ActiveCfg = Debug|Any CPU
		{FFB20DD6-8AF0-4B65-9069-13384C877FD4}.Debug|Any CPU.Build.0 = Debug|Any CPU
		{FFB20DD6-8AF0-4B65-9069-13384C877FD4}.Debug|x64.ActiveCfg = Debug|Any CPU
		{FFB20DD6-8AF0-4B65-9069-13384C877FD4}.Debug|x64.Build.0 = Debug|Any CPU
		{FFB20DD6-8AF0-4B65-9069-13384C877FD4}.Debug|x86.ActiveCfg = Debug|Any CPU
		{FFB20DD6-8AF0-4B65-9069-13384C877FD4}.Debug|x86.Build.0 = Debug|Any CPU
		{FFB20DD6-8AF0-4B65-9069-13384C877FD4}.Release|Any CPU.ActiveCfg = Release|Any CPU
		{FFB20DD6-8AF0-4B65-9069-13384C877FD4}.Release|Any CPU.Build.0 = Release|Any CPU
		{FFB20DD6-8AF0-4B65-9069-13384C877FD4}.Release|x64.ActiveCfg = Release|Any CPU
		{FFB20DD6-8AF0-4B65-9069-13384C877FD4}.Release|x64.Build.0 = Release|Any CPU
		{FFB20DD6-8AF0-4B65-9069-13384C877FD4}.Release|x86.ActiveCfg = Release|Any CPU
		{FFB20DD6-8AF0-4B65-9069-13384C877FD4}.Release|x86.Build.0 = Release|Any CPU
		{957BD470-A22F-4D81-81F3-D786CFDC7582}.Debug|Any CPU.ActiveCfg = Debug|Win32
		{957BD470-A22F-4D81-81F3-D786CFDC7582}.Debug|x64.ActiveCfg = Debug|Win32
		{957BD470-A22F-4D81-81F3-D786CFDC7582}.Debug|x86.ActiveCfg = Debug|Win32
		{957BD470-A22F-4D81-81F3-D786CFDC7582}.Debug|x86.Build.0 = Debug|Win32
		{957BD470-A22F-4D81-81F3-D786CFDC7582}.Release|Any CPU.ActiveCfg = Release|Win32
		{957BD470-A22F-4D81-81F3-D786CFDC7582}.Release|x64.ActiveCfg = Release|Win32
		{957BD470-A22F-4D81-81F3-D786CFDC7582}.Release|x86.ActiveCfg = Release|Win32
		{957BD470-A22F-4D81-81F3-D786CFDC7582}.Release|x86.Build.0 = Release|Win32
	EndGlobalSection
	GlobalSection(SolutionProperties) = preSolution
		HideSolutionNode = FALSE
	EndGlobalSection
EndGlobal
